{
  "name": "v-sdk",
  "version": "0.0.0",
  "lockfileVersion": 3,
  "requires": true,
  "packages": {
    "": {
      "name": "v-sdk",
      "version": "0.0.0",
      "devDependencies": {
        "@alephscript/skills-scriptorium": ">=0.11.0 <1.0.0"
      }
    },
    "node_modules/@alephscript/skills-scriptorium": {
      "version": "0.11.0",
      "resolved": "https://npm.scriptorium.escrivivir.co/@alephscript/skills-scriptorium/-/skills-scriptorium-0.11.0.tgz",
      "integrity": "sha512-beNyw1KhT5ri4tjJImhgAJu2k6+m8q19MneJqO1LAXV7ye5tYnTCKn/3EOvlU+fAz9ClRe29F6P8L1FwBlyXCg==",
      "dev": true,
      "license": "UNLICENSED",
      "bin": {
        "alephscript-skills-sync": "bin/alephscript-skills-sync.mjs"
      },
      "engines": {
        "node": ">=22"
      }
    }
  }
}
